
Microsoft Visual Studio Solution File, Format Version 12.00
# Visual Studio 15
VisualStudioVersion = 15.0.27428.2027
MinimumVisualStudioVersion = 10.0.40219.1
Project("{FAE04EC0-301F-11D3-BF4B-00C04F79EFBC}") = "VigoBAS.FINT.HR", "VigoBAS.FINT.HR.csproj", "{CF2D0319-C3AF-4541-84AE-EDA7638F9B5C}"
EndProject
Global
	GlobalSection(SolutionConfigurationPlatforms) = preSolution
		Debug|Any CPU = Debug|Any CPU
		Release|Any CPU = Release|Any CPU
	EndGlobalSection
	GlobalSection(ProjectConfigurationPlatforms) = postSolution
		{CF2D0319-C3AF-4541-84AE-EDA7638F9B5C}.Debug|Any CPU.ActiveCfg = Debug|Any CPU
		{CF2D0319-C3AF-4541-84AE-EDA7638F9B5C}.Debug|Any CPU.Build.0 = Debug|Any CPU
		{CF2D0319-C3AF-4541-84AE-EDA7638F9B5C}.Release|Any CPU.ActiveCfg = Release|Any CPU
		{CF2D0319-C3AF-4541-84AE-EDA7638F9B5C}.Release|Any CPU.Build.0 = Release|Any CPU
	EndGlobalSection
	GlobalSection(SolutionProperties) = preSolution
		HideSolutionNode = FALSE
	EndGlobalSection
	GlobalSection(ExtensibilityGlobals) = postSolution
		SolutionGuid = {725F6976-0827-40D6-A57B-C327AF92FCEC}
	EndGlobalSection
EndGlobal
